// !$*UTF8*$!
{
	archiveVersion = 1;
	classes = {
	};
	objectVersion = 51;
	objects = {

/* Begin PBXBuildFile section */
		3CF5F4ED2406D4F500E66468 /* UserProfileController.swift in Sources */ = {isa = PBXBuildFile; fileRef = 3CF5F4EC2406D4F500E66468 /* UserProfileController.swift */; };
		3CF5F4F02406D6A200E66468 /* UserPropertyCell.swift in Sources */ = {isa = PBXBuildFile; fileRef = 3CF5F4EE2406D6A200E66468 /* UserPropertyCell.swift */; };
		3CF5F4F12406D6A200E66468 /* UserPropertyCell.xib in Resources */ = {isa = PBXBuildFile; fileRef = 3CF5F4EF2406D6A200E66468 /* UserPropertyCell.xib */; };
		3CF5F4F42406E13D00E66468 /* UserListAddPropertyController.swift in Sources */ = {isa = PBXBuildFile; fileRef = 3CF5F4F32406E13D00E66468 /* UserListAddPropertyController.swift */; };
		3CF5F4F62406E25300E66468 /* UserAddPropertyController.swift in Sources */ = {isa = PBXBuildFile; fileRef = 3CF5F4F52406E25300E66468 /* UserAddPropertyController.swift */; };
		3CF959EC240676FC00DBCE0D /* AppDelegate.swift in Sources */ = {isa = PBXBuildFile; fileRef = 3CF959EB240676FC00DBCE0D /* AppDelegate.swift */; };
		3CF959EE240676FC00DBCE0D /* SceneDelegate.swift in Sources */ = {isa = PBXBuildFile; fileRef = 3CF959ED240676FC00DBCE0D /* SceneDelegate.swift */; };
		3CF959F0240676FC00DBCE0D /* UserAddController.swift in Sources */ = {isa = PBXBuildFile; fileRef = 3CF959EF240676FC00DBCE0D /* UserAddController.swift */; };
		3CF959F3240676FC00DBCE0D /* Main.storyboard in Resources */ = {isa = PBXBuildFile; fileRef = 3CF959F1240676FC00DBCE0D /* Main.storyboard */; };
		3CF959F5240676FF00DBCE0D /* Assets.xcassets in Resources */ = {isa = PBXBuildFile; fileRef = 3CF959F4240676FF00DBCE0D /* Assets.xcassets */; };
		3CF959F8240676FF00DBCE0D /* LaunchScreen.storyboard in Resources */ = {isa = PBXBuildFile; fileRef = 3CF959F6240676FF00DBCE0D /* LaunchScreen.storyboard */; };
		3CF95A02240685BC00DBCE0D /* GoogleService-Info.plist in Resources */ = {isa = PBXBuildFile; fileRef = 3CF95A01240685BC00DBCE0D /* GoogleService-Info.plist */; };
		3CF95A0624068D9100DBCE0D /* User.swift in Sources */ = {isa = PBXBuildFile; fileRef = 3CF95A0524068D9100DBCE0D /* User.swift */; };
		3CF95A0924069ACC00DBCE0D /* UserFirebase.swift in Sources */ = {isa = PBXBuildFile; fileRef = 3CF95A0824069ACC00DBCE0D /* UserFirebase.swift */; };
		3CF95A0B2406C7F900DBCE0D /* UserMenuController.swift in Sources */ = {isa = PBXBuildFile; fileRef = 3CF95A0A2406C7F900DBCE0D /* UserMenuController.swift */; };
		3CF95A0D2406C80F00DBCE0D /* UserListController.swift in Sources */ = {isa = PBXBuildFile; fileRef = 3CF95A0C2406C80F00DBCE0D /* UserListController.swift */; };
		3CF95A112406C93800DBCE0D /* UserCell.swift in Sources */ = {isa = PBXBuildFile; fileRef = 3CF95A0F2406C93800DBCE0D /* UserCell.swift */; };
		3CF95A122406C93800DBCE0D /* UserCell.xib in Resources */ = {isa = PBXBuildFile; fileRef = 3CF95A102406C93800DBCE0D /* UserCell.xib */; };
		3CF95A162406CCEC00DBCE0D /* UserAddPropertyCell.swift in Sources */ = {isa = PBXBuildFile; fileRef = 3CF95A142406CCEC00DBCE0D /* UserAddPropertyCell.swift */; };
		3CF95A172406CCEC00DBCE0D /* UserAddPropertyCell.xib in Resources */ = {isa = PBXBuildFile; fileRef = 3CF95A152406CCEC00DBCE0D /* UserAddPropertyCell.xib */; };
		413B26B26402C36014208FB3 /* Pods_hw_myFirebase.framework in Frameworks */ = {isa = PBXBuildFile; fileRef = D1067C39E542BE0CA4B750FB /* Pods_hw_myFirebase.framework */; };
/* End PBXBuildFile section */

/* Begin PBXFileReference section */
		3CF5F4EC2406D4F500E66468 /* UserProfileController.swift */ = {isa = PBXFileReference; lastKnownFileType = sourcecode.swift; path = UserProfileController.swift; sourceTree = "<group>"; };
		3CF5F4EE2406D6A200E66468 /* UserPropertyCell.swift */ = {isa = PBXFileReference; lastKnownFileType = sourcecode.swift; path = UserPropertyCell.swift; sourceTree = "<group>"; };
		3CF5F4EF2406D6A200E66468 /* UserPropertyCell.xib */ = {isa = PBXFileReference; lastKnownFileType = file.xib; path = UserPropertyCell.xib; sourceTree = "<group>"; };
		3CF5F4F32406E13D00E66468 /* UserListAddPropertyController.swift */ = {isa = PBXFileReference; lastKnownFileType = sourcecode.swift; path = UserListAddPropertyController.swift; sourceTree = "<group>"; };
		3CF5F4F52406E25300E66468 /* UserAddPropertyController.swift */ = {isa = PBXFileReference; lastKnownFileType = sourcecode.swift; path = UserAddPropertyController.swift; sourceTree = "<group>"; };
		3CF959E8240676FC00DBCE0D /* hw-myFirebase.app */ = {isa = PBXFileReference; explicitFileType = wrapper.application; includeInIndex = 0; path = "hw-myFirebase.app"; sourceTree = BUILT_PRODUCTS_DIR; };
		3CF959EB240676FC00DBCE0D /* AppDelegate.swift */ = {isa = PBXFileReference; lastKnownFileType = sourcecode.swift; path = AppDelegate.swift; sourceTree = "<group>"; };
		3CF959ED240676FC00DBCE0D /* SceneDelegate.swift */ = {isa = PBXFileReference; lastKnownFileType = sourcecode.swift; path = SceneDelegate.swift; sourceTree = "<group>"; };
		3CF959EF240676FC00DBCE0D /* UserAddController.swift */ = {isa = PBXFileReference; lastKnownFileType = sourcecode.swift; path = UserAddController.swift; sourceTree = "<group>"; };
		3CF959F2240676FC00DBCE0D /* Base */ = {isa = PBXFileReference; lastKnownFileType = file.storyboard; name = Base; path = Base.lproj/Main.storyboard; sourceTree = "<group>"; };
		3CF959F4240676FF00DBCE0D /* Assets.xcassets */ = {isa = PBXFileReference; lastKnownFileType = folder.assetcatalog; path = Assets.xcassets; sourceTree = "<group>"; };
		3CF959F7240676FF00DBCE0D /* Base */ = {isa = PBXFileReference; lastKnownFileType = file.storyboard; name = Base; path = Base.lproj/LaunchScreen.storyboard; sourceTree = "<group>"; };
		3CF959F9240676FF00DBCE0D /* Info.plist */ = {isa = PBXFileReference; lastKnownFileType = text.plist.xml; path = Info.plist; sourceTree = "<group>"; };
		3CF95A01240685BC00DBCE0D /* GoogleService-Info.plist */ = {isa = PBXFileReference; fileEncoding = 4; lastKnownFileType = text.plist.xml; path = "GoogleService-Info.plist"; sourceTree = "<group>"; };
		3CF95A0524068D9100DBCE0D /* User.swift */ = {isa = PBXFileReference; lastKnownFileType = sourcecode.swift; path = User.swift; sourceTree = "<group>"; };
		3CF95A0824069ACC00DBCE0D /* UserFirebase.swift */ = {isa = PBXFileReference; lastKnownFileType = sourcecode.swift; path = UserFirebase.swift; sourceTree = "<group>"; };
		3CF95A0A2406C7F900DBCE0D /* UserMenuController.swift */ = {isa = PBXFileReference; lastKnownFileType = sourcecode.swift; path = UserMenuController.swift; sourceTree = "<group>"; };
		3CF95A0C2406C80F00DBCE0D /* UserListController.swift */ = {isa = PBXFileReference; lastKnownFileType = sourcecode.swift; path = UserListController.swift; sourceTree = "<group>"; };
		3CF95A0F2406C93800DBCE0D /* UserCell.swift */ = {isa = PBXFileReference; lastKnownFileType = sourcecode.swift; path = UserCell.swift; sourceTree = "<group>"; };
		3CF95A102406C93800DBCE0D /* UserCell.xib */ = {isa = PBXFileReference; lastKnownFileType = file.xib; path = UserCell.xib; sourceTree = "<group>"; };
		3CF95A142406CCEC00DBCE0D /* UserAddPropertyCell.swift */ = {isa = PBXFileReference; lastKnownFileType = sourcecode.swift; path = UserAddPropertyCell.swift; sourceTree = "<group>"; };
		3CF95A152406CCEC00DBCE0D /* UserAddPropertyCell.xib */ = {isa = PBXFileReference; lastKnownFileType = file.xib; path = UserAddPropertyCell.xib; sourceTree = "<group>"; };
		72C495C8948DDF5C42B6534D /* Pods-hw-myFirebase.debug.xcconfig */ = {isa = PBXFileReference; includeInIndex = 1; lastKnownFileType = text.xcconfig; name = "Pods-hw-myFirebase.debug.xcconfig"; path = "Target Support Files/Pods-hw-myFirebase/Pods-hw-myFirebase.debug.xcconfig"; sourceTree = "<group>"; };
		8052BB4CE1D17D203727F698 /* Pods-hw-myFirebase.release.xcconfig */ = {isa = PBXFileReference; includeInIndex = 1; lastKnownFileType = text.xcconfig; name = "Pods-hw-myFirebase.release.xcconfig"; path = "Target Support Files/Pods-hw-myFirebase/Pods-hw-myFirebase.release.xcconfig"; sourceTree = "<group>"; };
		D1067C39E542BE0CA4B750FB /* Pods_hw_myFirebase.framework */ = {isa = PBXFileReference; explicitFileType = wrapper.framework; includeInIndex = 0; path = Pods_hw_myFirebase.framework; sourceTree = BUILT_PRODUCTS_DIR; };
/* End PBXFileReference section */

/* Begin PBXFrameworksBuildPhase section */
		3CF959E5240676FC00DBCE0D /* Frameworks */ = {
			isa = PBXFrameworksBuildPhase;
			buildActionMask = 2147483647;
			files = (
				413B26B26402C36014208FB3 /* Pods_hw_myFirebase.framework in Frameworks */,
			);
			runOnlyForDeploymentPostprocessing = 0;
		};
/* End PBXFrameworksBuildPhase section */

/* Begin PBXGroup section */
		15723EA10F4F228FBB8D6377 /* Pods */ = {
			isa = PBXGroup;
			children = (
				72C495C8948DDF5C42B6534D /* Pods-hw-myFirebase.debug.xcconfig */,
				8052BB4CE1D17D203727F698 /* Pods-hw-myFirebase.release.xcconfig */,
			);
			path = Pods;
			sourceTree = "<group>";
		};
		3CF5F4F22406D6AB00E66468 /* UserPropertyCell */ = {
			isa = PBXGroup;
			children = (
				3CF5F4EE2406D6A200E66468 /* UserPropertyCell.swift */,
				3CF5F4EF2406D6A200E66468 /* UserPropertyCell.xib */,
			);
			path = UserPropertyCell;
			sourceTree = "<group>";
		};
		3CF959DF240676FB00DBCE0D = {
			isa = PBXGroup;
			children = (
				3CF959EA240676FC00DBCE0D /* hw-myFirebase */,
				3CF959E9240676FC00DBCE0D /* Products */,
				15723EA10F4F228FBB8D6377 /* Pods */,
				8B481769963CDFAEE7BD7343 /* Frameworks */,
			);
			sourceTree = "<group>";
		};
		3CF959E9240676FC00DBCE0D /* Products */ = {
			isa = PBXGroup;
			children = (
				3CF959E8240676FC00DBCE0D /* hw-myFirebase.app */,
			);
			name = Products;
			sourceTree = "<group>";
		};
		3CF959EA240676FC00DBCE0D /* hw-myFirebase */ = {
			isa = PBXGroup;
			children = (
				3CF5F4F22406D6AB00E66468 /* UserPropertyCell */,
				3CF95A132406CCC200DBCE0D /* UserAddPropertyCell */,
				3CF95A0E2406C90B00DBCE0D /* UserCell */,
				3CF959EB240676FC00DBCE0D /* AppDelegate.swift */,
				3CF959ED240676FC00DBCE0D /* SceneDelegate.swift */,
				3CF95A0A2406C7F900DBCE0D /* UserMenuController.swift */,
				3CF95A0C2406C80F00DBCE0D /* UserListController.swift */,
				3CF959EF240676FC00DBCE0D /* UserAddController.swift */,
				3CF5F4EC2406D4F500E66468 /* UserProfileController.swift */,
				3CF5F4F32406E13D00E66468 /* UserListAddPropertyController.swift */,
				3CF5F4F52406E25300E66468 /* UserAddPropertyController.swift */,
				3CF959F1240676FC00DBCE0D /* Main.storyboard */,
				3CF959F4240676FF00DBCE0D /* Assets.xcassets */,
				3CF959F6240676FF00DBCE0D /* LaunchScreen.storyboard */,
				3CF959F9240676FF00DBCE0D /* Info.plist */,
				3CF95A01240685BC00DBCE0D /* GoogleService-Info.plist */,
				3CF95A0724068D9800DBCE0D /* Model */,
			);
			path = "hw-myFirebase";
			sourceTree = "<group>";
		};
		3CF95A0724068D9800DBCE0D /* Model */ = {
			isa = PBXGroup;
			children = (
				3CF95A0524068D9100DBCE0D /* User.swift */,
				3CF95A0824069ACC00DBCE0D /* UserFirebase.swift */,
			);
			path = Model;
			sourceTree = "<group>";
		};
		3CF95A0E2406C90B00DBCE0D /* UserCell */ = {
			isa = PBXGroup;
			children = (
				3CF95A0F2406C93800DBCE0D /* UserCell.swift */,
				3CF95A102406C93800DBCE0D /* UserCell.xib */,
			);
			path = UserCell;
			sourceTree = "<group>";
		};
		3CF95A132406CCC200DBCE0D /* UserAddPropertyCell */ = {
			isa = PBXGroup;
			children = (
				3CF95A142406CCEC00DBCE0D /* UserAddPropertyCell.swift */,
				3CF95A152406CCEC00DBCE0D /* UserAddPropertyCell.xib */,
			);
			path = UserAddPropertyCell;
			sourceTree = "<group>";
		};
		8B481769963CDFAEE7BD7343 /* Frameworks */ = {
			isa = PBXGroup;
			children = (
				D1067C39E542BE0CA4B750FB /* Pods_hw_myFirebase.framework */,
			);
			name = Frameworks;
			sourceTree = "<group>";
		};
/* End PBXGroup section */

/* Begin PBXNativeTarget section */
		3CF959E7240676FC00DBCE0D /* hw-myFirebase */ = {
			isa = PBXNativeTarget;
			buildConfigurationList = 3CF959FC240676FF00DBCE0D /* Build configuration list for PBXNativeTarget "hw-myFirebase" */;
			buildPhases = (
				CDF6012580ECB6EE41BF7280 /* [CP] Check Pods Manifest.lock */,
				3CF959E4240676FC00DBCE0D /* Sources */,
				3CF959E5240676FC00DBCE0D /* Frameworks */,
				3CF959E6240676FC00DBCE0D /* Resources */,
				FA88CFDF71F6D8E10FB105E4 /* [CP] Embed Pods Frameworks */,
			);
			buildRules = (
			);
			dependencies = (
			);
			name = "hw-myFirebase";
			productName = "hw-myFirebase";
			productReference = 3CF959E8240676FC00DBCE0D /* hw-myFirebase.app */;
			productType = "com.apple.product-type.application";
		};
/* End PBXNativeTarget section */

/* Begin PBXProject section */
		3CF959E0240676FB00DBCE0D /* Project object */ = {
			isa = PBXProject;
			attributes = {
				LastSwiftUpdateCheck = 1130;
				LastUpgradeCheck = 1130;
				ORGANIZATIONNAME = miketsyba;
				TargetAttributes = {
					3CF959E7240676FC00DBCE0D = {
						CreatedOnToolsVersion = 11.3.1;
					};
				};
			};
			buildConfigurationList = 3CF959E3240676FB00DBCE0D /* Build configuration list for PBXProject "hw-myFirebase" */;
			compatibilityVersion = "Xcode 9.3";
			developmentRegion = en;
			hasScannedForEncodings = 0;
			knownRegions = (
				en,
				Base,
			);
			mainGroup = 3CF959DF240676FB00DBCE0D;
			productRefGroup = 3CF959E9240676FC00DBCE0D /* Products */;
			projectDirPath = "";
			projectRoot = "";
			targets = (
				3CF959E7240676FC00DBCE0D /* hw-myFirebase */,
			);
		};
/* End PBXProject section */

/* Begin PBXResourcesBuildPhase section */
		3CF959E6240676FC00DBCE0D /* Resources */ = {
			isa = PBXResourcesBuildPhase;
			buildActionMask = 2147483647;
			files = (
				3CF959F8240676FF00DBCE0D /* LaunchScreen.storyboard in Resources */,
				3CF95A02240685BC00DBCE0D /* GoogleService-Info.plist in Resources */,
				3CF959F5240676FF00DBCE0D /* Assets.xcassets in Resources */,
				3CF95A172406CCEC00DBCE0D /* UserAddPropertyCell.xib in Resources */,
				3CF959F3240676FC00DBCE0D /* Main.storyboard in Resources */,
				3CF95A122406C93800DBCE0D /* UserCell.xib in Resources */,
				3CF5F4F12406D6A200E66468 /* UserPropertyCell.xib in Resources */,
			);
			runOnlyForDeploymentPostprocessing = 0;
		};
/* End PBXResourcesBuildPhase section */

/* Begin PBXShellScriptBuildPhase section */
		CDF6012580ECB6EE41BF7280 /* [CP] Check Pods Manifest.lock */ = {
			isa = PBXShellScriptBuildPhase;
			buildActionMask = 2147483647;
			files = (
			);
			inputFileListPaths = (
			);
			inputPaths = (
				"${PODS_PODFILE_DIR_PATH}/Podfile.lock",
				"${PODS_ROOT}/Manifest.lock",
			);
			name = "[CP] Check Pods Manifest.lock";
			outputFileListPaths = (
			);
			outputPaths = (
				"$(DERIVED_FILE_DIR)/Pods-hw-myFirebase-checkManifestLockResult.txt",
			);
			runOnlyForDeploymentPostprocessing = 0;
			shellPath = /bin/sh;
			shellScript = "diff \"${PODS_PODFILE_DIR_PATH}/Podfile.lock\" \"${PODS_ROOT}/Manifest.lock\" > /dev/null\nif [ $? != 0 ] ; then\n    # print error to STDERR\n    echo \"error: The sandbox is not in sync with the Podfile.lock. Run 'pod install' or update your CocoaPods installation.\" >&2\n    exit 1\nfi\n# This output is used by Xcode 'outputs' to avoid re-running this script phase.\necho \"SUCCESS\" > \"${SCRIPT_OUTPUT_FILE_0}\"\n";
			showEnvVarsInLog = 0;
		};
		FA88CFDF71F6D8E10FB105E4 /* [CP] Embed Pods Frameworks */ = {
			isa = PBXShellScriptBuildPhase;
			buildActionMask = 2147483647;
			files = (
			);
			inputFileListPaths = (
				"${PODS_ROOT}/Target Support Files/Pods-hw-myFirebase/Pods-hw-myFirebase-frameworks-${CONFIGURATION}-input-files.xcfilelist",
			);
			name = "[CP] Embed Pods Frameworks";
			outputFileListPaths = (
				"${PODS_ROOT}/Target Support Files/Pods-hw-myFirebase/Pods-hw-myFirebase-frameworks-${CONFIGURATION}-output-files.xcfilelist",
			);
			runOnlyForDeploymentPostprocessing = 0;
			shellPath = /bin/sh;
			shellScript = "\"${PODS_ROOT}/Target Support Files/Pods-hw-myFirebase/Pods-hw-myFirebase-frameworks.sh\"\n";
			showEnvVarsInLog = 0;
		};
/* End PBXShellScriptBuildPhase section */

/* Begin PBXSourcesBuildPhase section */
		3CF959E4240676FC00DBCE0D /* Sources */ = {
			isa = PBXSourcesBuildPhase;
			buildActionMask = 2147483647;
			files = (
				3CF95A112406C93800DBCE0D /* UserCell.swift in Sources */,
				3CF95A162406CCEC00DBCE0D /* UserAddPropertyCell.swift in Sources */,
				3CF95A0624068D9100DBCE0D /* User.swift in Sources */,
				3CF5F4F62406E25300E66468 /* UserAddPropertyController.swift in Sources */,
				3CF5F4F42406E13D00E66468 /* UserListAddPropertyController.swift in Sources */,
				3CF5F4F02406D6A200E66468 /* UserPropertyCell.swift in Sources */,
				3CF959F0240676FC00DBCE0D /* UserAddController.swift in Sources */,
				3CF95A0924069ACC00DBCE0D /* UserFirebase.swift in Sources */,
				3CF95A0B2406C7F900DBCE0D /* UserMenuController.swift in Sources */,
				3CF959EC240676FC00DBCE0D /* AppDelegate.swift in Sources */,
				3CF95A0D2406C80F00DBCE0D /* UserListController.swift in Sources */,
				3CF5F4ED2406D4F500E66468 /* UserProfileController.swift in Sources */,
				3CF959EE240676FC00DBCE0D /* SceneDelegate.swift in Sources */,
			);
			runOnlyForDeploymentPostprocessing = 0;
		};
/* End PBXSourcesBuildPhase section */

/* Begin PBXVariantGroup section */
		3CF959F1240676FC00DBCE0D /* Main.storyboard */ = {
			isa = PBXVariantGroup;
			children = (
				3CF959F2240676FC00DBCE0D /* Base */,
			);
			name = Main.storyboard;
			sourceTree = "<group>";
		};
		3CF959F6240676FF00DBCE0D /* LaunchScreen.storyboard */ = {
			isa = PBXVariantGroup;
			children = (
				3CF959F7240676FF00DBCE0D /* Base */,
			);
			name = LaunchScreen.storyboard;
			sourceTree = "<group>";
		};
/* End PBXVariantGroup section */

/* Begin XCBuildConfiguration section */
		3CF959FA240676FF00DBCE0D /* Debug */ = {
			isa = XCBuildConfiguration;
			buildSettings = {
				ALWAYS_SEARCH_USER_PATHS = NO;
				CLANG_ANALYZER_NONNULL = YES;
				CLANG_ANALYZER_NUMBER_OBJECT_CONVERSION = YES_AGGRESSIVE;
				CLANG_CXX_LANGUAGE_STANDARD = "gnu++14";
				CLANG_CXX_LIBRARY = "libc++";
				CLANG_ENABLE_MODULES = YES;
				CLANG_ENABLE_OBJC_ARC = YES;
				CLANG_ENABLE_OBJC_WEAK = YES;
				CLANG_WARN_BLOCK_CAPTURE_AUTORELEASING = YES;
				CLANG_WARN_BOOL_CONVERSION = YES;
				CLANG_WARN_COMMA = YES;
				CLANG_WARN_CONSTANT_CONVERSION = YES;
				CLANG_WARN_DEPRECATED_OBJC_IMPLEMENTATIONS = YES;
				CLANG_WARN_DIRECT_OBJC_ISA_USAGE = YES_ERROR;
				CLANG_WARN_DOCUMENTATION_COMMENTS = YES;
				CLANG_WARN_EMPTY_BODY = YES;
				CLANG_WARN_ENUM_CONVERSION = YES;
				CLANG_WARN_INFINITE_RECURSION = YES;
				CLANG_WARN_INT_CONVERSION = YES;
				CLANG_WARN_NON_LITERAL_NULL_CONVERSION = YES;
				CLANG_WARN_OBJC_IMPLICIT_RETAIN_SELF = YES;
				CLANG_WARN_OBJC_LITERAL_CONVERSION = YES;
				CLANG_WARN_OBJC_ROOT_CLASS = YES_ERROR;
				CLANG_WARN_RANGE_LOOP_ANALYSIS = YES;
				CLANG_WARN_STRICT_PROTOTYPES = YES;
				CLANG_WARN_SUSPICIOUS_MOVE = YES;
				CLANG_WARN_UNGUARDED_AVAILABILITY = YES_AGGRESSIVE;
				CLANG_WARN_UNREACHABLE_CODE = YES;
				CLANG_WARN__DUPLICATE_METHOD_MATCH = YES;
				COPY_PHASE_STRIP = NO;
				DEBUG_INFORMATION_FORMAT = dwarf;
				ENABLE_STRICT_OBJC_MSGSEND = YES;
				ENABLE_TESTABILITY = YES;
				GCC_C_LANGUAGE_STANDARD = gnu11;
				GCC_DYNAMIC_NO_PIC = NO;
				GCC_NO_COMMON_BLOCKS = YES;
				GCC_OPTIMIZATION_LEVEL = 0;
				GCC_PREPROCESSOR_DEFINITIONS = (
					"DEBUG=1",
					"$(inherited)",
				);
				GCC_WARN_64_TO_32_BIT_CONVERSION = YES;
				GCC_WARN_ABOUT_RETURN_TYPE = YES_ERROR;
				GCC_WARN_UNDECLARED_SELECTOR = YES;
				GCC_WARN_UNINITIALIZED_AUTOS = YES_AGGRESSIVE;
				GCC_WARN_UNUSED_FUNCTION = YES;
				GCC_WARN_UNUSED_VARIABLE = YES;
				IPHONEOS_DEPLOYMENT_TARGET = 13.2;
				MTL_ENABLE_DEBUG_INFO = INCLUDE_SOURCE;
				MTL_FAST_MATH = YES;
				ONLY_ACTIVE_ARCH = YES;
				SDKROOT = iphoneos;
				SWIFT_ACTIVE_COMPILATION_CONDITIONS = DEBUG;
				SWIFT_OPTIMIZATION_LEVEL = "-Onone";
			};
			name = Debug;
		};
		3CF959FB240676FF00DBCE0D /* Release */ = {
			isa = XCBuildConfiguration;
			buildSettings = {
				ALWAYS_SEARCH_USER_PATHS = NO;
				CLANG_ANALYZER_NONNULL = YES;
				CLANG_ANALYZER_NUMBER_OBJECT_CONVERSION = YES_AGGRESSIVE;
				CLANG_CXX_LANGUAGE_STANDARD = "gnu++14";
				CLANG_CXX_LIBRARY = "libc++";
				CLANG_ENABLE_MODULES = YES;
				CLANG_ENABLE_OBJC_ARC = YES;
				CLANG_ENABLE_OBJC_WEAK = YES;
				CLANG_WARN_BLOCK_CAPTURE_AUTORELEASING = YES;
				CLANG_WARN_BOOL_CONVERSION = YES;
				CLANG_WARN_COMMA = YES;
				CLANG_WARN_CONSTANT_CONVERSION = YES;
				CLANG_WARN_DEPRECATED_OBJC_IMPLEMENTATIONS = YES;
				CLANG_WARN_DIRECT_OBJC_ISA_USAGE = YES_ERROR;
				CLANG_WARN_DOCUMENTATION_COMMENTS = YES;
				CLANG_WARN_EMPTY_BODY = YES;
				CLANG_WARN_ENUM_CONVERSION = YES;
				CLANG_WARN_INFINITE_RECURSION = YES;
				CLANG_WARN_INT_CONVERSION = YES;
				CLANG_WARN_NON_LITERAL_NULL_CONVERSION = YES;
				CLANG_WARN_OBJC_IMPLICIT_RETAIN_SELF = YES;
				CLANG_WARN_OBJC_LITERAL_CONVERSION = YES;
				CLANG_WARN_OBJC_ROOT_CLASS = YES_ERROR;
				CLANG_WARN_RANGE_LOOP_ANALYSIS = YES;
				CLANG_WARN_STRICT_PROTOTYPES = YES;
				CLANG_WARN_SUSPICIOUS_MOVE = YES;
				CLANG_WARN_UNGUARDED_AVAILABILITY = YES_AGGRESSIVE;
				CLANG_WARN_UNREACHABLE_CODE = YES;
				CLANG_WARN__DUPLICATE_METHOD_MATCH = YES;
				COPY_PHASE_STRIP = NO;
				DEBUG_INFORMATION_FORMAT = "dwarf-with-dsym";
				ENABLE_NS_ASSERTIONS = NO;
				ENABLE_STRICT_OBJC_MSGSEND = YES;
				GCC_C_LANGUAGE_STANDARD = gnu11;
				GCC_NO_COMMON_BLOCKS = YES;
				GCC_WARN_64_TO_32_BIT_CONVERSION = YES;
				GCC_WARN_ABOUT_RETURN_TYPE = YES_ERROR;
				GCC_WARN_UNDECLARED_SELECTOR = YES;
				GCC_WARN_UNINITIALIZED_AUTOS = YES_AGGRESSIVE;
				GCC_WARN_UNUSED_FUNCTION = YES;
				GCC_WARN_UNUSED_VARIABLE = YES;
				IPHONEOS_DEPLOYMENT_TARGET = 13.2;
				MTL_ENABLE_DEBUG_INFO = NO;
				MTL_FAST_MATH = YES;
				SDKROOT = iphoneos;
				SWIFT_COMPILATION_MODE = wholemodule;
				SWIFT_OPTIMIZATION_LEVEL = "-O";
				VALIDATE_PRODUCT = YES;
			};
			name = Release;
		};
		3CF959FD240676FF00DBCE0D /* Debug */ = {
			isa = XCBuildConfiguration;
			baseConfigurationReference = 72C495C8948DDF5C42B6534D /* Pods-hw-myFirebase.debug.xcconfig */;
			buildSettings = {
				ASSETCATALOG_COMPILER_APPICON_NAME = AppIcon;
				CODE_SIGN_STYLE = Automatic;
				DEVELOPMENT_TEAM = RQ826K28FT;
				INFOPLIST_FILE = "hw-myFirebase/Info.plist";
				LD_RUNPATH_SEARCH_PATHS = (
					"$(inherited)",
					"@executable_path/Frameworks",
				);
				PRODUCT_BUNDLE_IDENTIFIER = "com.miketsyba.hw-myFirebase";
				PRODUCT_NAME = "$(TARGET_NAME)";
				SWIFT_VERSION = 5.0;
				TARGETED_DEVICE_FAMILY = "1,2";
			};
			name = Debug;
		};
		3CF959FE240676FF00DBCE0D /* Release */ = {
			isa = XCBuildConfiguration;
			baseConfigurationReference = 8052BB4CE1D17D203727F698 /* Pods-hw-myFirebase.release.xcconfig */;
			buildSettings = {
				ASSETCATALOG_COMPILER_APPICON_NAME = AppIcon;
				CODE_SIGN_STYLE = Automatic;
				DEVELOPMENT_TEAM = RQ826K28FT;
				INFOPLIST_FILE = "hw-myFirebase/Info.plist";
				LD_RUNPATH_SEARCH_PATHS = (
					"$(inherited)",
					"@executable_path/Frameworks",
				);
				PRODUCT_BUNDLE_IDENTIFIER = "com.miketsyba.hw-myFirebase";
				PRODUCT_NAME = "$(TARGET_NAME)";
				SWIFT_VERSION = 5.0;
				TARGETED_DEVICE_FAMILY = "1,2";
			};
			name = Release;
		};
/* End XCBuildConfiguration section */

/* Begin XCConfigurationList section */
		3CF959E3240676FB00DBCE0D /* Build configuration list for PBXProject "hw-myFirebase" */ = {
			isa = XCConfigurationList;
			buildConfigurations = (
				3CF959FA240676FF00DBCE0D /* Debug */,
				3CF959FB240676FF00DBCE0D /* Release */,
			);
			defaultConfigurationIsVisible = 0;
			defaultConfigurationName = Release;
		};
		3CF959FC240676FF00DBCE0D /* Build configuration list for PBXNativeTarget "hw-myFirebase" */ = {
			isa = XCConfigurationList;
			buildConfigurations = (
				3CF959FD240676FF00DBCE0D /* Debug */,
				3CF959FE240676FF00DBCE0D /* Release */,
			);
			defaultConfigurationIsVisible = 0;
			defaultConfigurationName = Release;
		};
/* End XCConfigurationList section */
	};
	rootObject = 3CF959E0240676FB00DBCE0D /* Project object */;
}
